{
  "name": "microblogging-ZeevGinzburg",
  "lockfileVersion": 2,
  "requires": true,
  "packages": {
    "": {
      "dependencies": {
        "fast-sort": "^3.2.0"
      }
    },
    "node_modules/fast-sort": {
      "version": "3.2.0",
      "resolved": "https://registry.npmjs.org/fast-sort/-/fast-sort-3.2.0.tgz",
      "integrity": "sha512-EgQtkmWo2Icq6uei57fTrZAKayL9b4OISU1613737AuLcIbAZ57tcOtGaK2A7zO54kk97wOnSw6INDA++rjMAQ=="
    }
  },
  "dependencies": {
    "fast-sort": {
      "version": "3.2.0",
      "resolved": "https://registry.npmjs.org/fast-sort/-/fast-sort-3.2.0.tgz",
      "integrity": "sha512-EgQtkmWo2Icq6uei57fTrZAKayL9b4OISU1613737AuLcIbAZ57tcOtGaK2A7zO54kk97wOnSw6INDA++rjMAQ=="
    }
  }
}
